// !$*UTF8*$!
{
	archiveVersion = 1;
	classes = {
	};
	objectVersion = 46;
	objects = {

/* Begin PBXBuildFile section */
		F92DED06198B48BA000E78CF /* Foundation.framework in Frameworks */ = {isa = PBXBuildFile; fileRef = F92DED05198B48BA000E78CF /* Foundation.framework */; };
		F92DED08198B48BA000E78CF /* CoreGraphics.framework in Frameworks */ = {isa = PBXBuildFile; fileRef = F92DED07198B48BA000E78CF /* CoreGraphics.framework */; };
		F92DED0A198B48BA000E78CF /* UIKit.framework in Frameworks */ = {isa = PBXBuildFile; fileRef = F92DED09198B48BA000E78CF /* UIKit.framework */; };
		F92DED10198B48BA000E78CF /* InfoPlist.strings in Resources */ = {isa = PBXBuildFile; fileRef = F92DED0E198B48BA000E78CF /* InfoPlist.strings */; };
		F92DED12198B48BA000E78CF /* main.m in Sources */ = {isa = PBXBuildFile; fileRef = F92DED11198B48BA000E78CF /* main.m */; };
		F92DED16198B48BA000E78CF /* AIAppDelegate.m in Sources */ = {isa = PBXBuildFile; fileRef = F92DED15198B48BA000E78CF /* AIAppDelegate.m */; };
		F92DED19198B48BA000E78CF /* Main.storyboard in Resources */ = {isa = PBXBuildFile; fileRef = F92DED17198B48BA000E78CF /* Main.storyboard */; };
		F92DED1C198B48BA000E78CF /* AIViewController.m in Sources */ = {isa = PBXBuildFile; fileRef = F92DED1B198B48BA000E78CF /* AIViewController.m */; };
		F92DED1E198B48BA000E78CF /* Images.xcassets in Resources */ = {isa = PBXBuildFile; fileRef = F92DED1D198B48BA000E78CF /* Images.xcassets */; };
		F92DED25198B48BA000E78CF /* XCTest.framework in Frameworks */ = {isa = PBXBuildFile; fileRef = F92DED24198B48BA000E78CF /* XCTest.framework */; };
		F92DED26198B48BA000E78CF /* Foundation.framework in Frameworks */ = {isa = PBXBuildFile; fileRef = F92DED05198B48BA000E78CF /* Foundation.framework */; };
		F92DED27198B48BA000E78CF /* UIKit.framework in Frameworks */ = {isa = PBXBuildFile; fileRef = F92DED09198B48BA000E78CF /* UIKit.framework */; };
		F92DED2F198B48BA000E78CF /* InfoPlist.strings in Resources */ = {isa = PBXBuildFile; fileRef = F92DED2D198B48BA000E78CF /* InfoPlist.strings */; };
		F92DED31198B48BA000E78CF /* gitCreateTests.m in Sources */ = {isa = PBXBuildFile; fileRef = F92DED30198B48BA000E78CF /* gitCreateTests.m */; };
/* End PBXBuildFile section */

/* Begin PBXContainerItemProxy section */
		F92DED28198B48BA000E78CF /* PBXContainerItemProxy */ = {
			isa = PBXContainerItemProxy;
			containerPortal = F92DECFA198B48B9000E78CF /* Project object */;
			proxyType = 1;
			remoteGlobalIDString = F92DED01198B48BA000E78CF;
			remoteInfo = gitCreate;
		};
/* End PBXContainerItemProxy section */

/* Begin PBXFileReference section */
		F92DED02198B48BA000E78CF /* gitCreate.app */ = {isa = PBXFileReference; explicitFileType = wrapper.application; includeInIndex = 0; path = gitCreate.app; sourceTree = BUILT_PRODUCTS_DIR; };
		F92DED05198B48BA000E78CF /* Foundation.framework */ = {isa = PBXFileReference; lastKnownFileType = wrapper.framework; name = Foundation.framework; path = System/Library/Frameworks/Foundation.framework; sourceTree = SDKROOT; };
		F92DED07198B48BA000E78CF /* CoreGraphics.framework */ = {isa = PBXFileReference; lastKnownFileType = wrapper.framework; name = CoreGraphics.framework; path = System/Library/Frameworks/CoreGraphics.framework; sourceTree = SDKROOT; };
		F92DED09198B48BA000E78CF /* UIKit.framework */ = {isa = PBXFileReference; lastKnownFileType = wrapper.framework; name = UIKit.framework; path = System/Library/Frameworks/UIKit.framework; sourceTree = SDKROOT; };
		F92DED0D198B48BA000E78CF /* gitCreate-Info.plist */ = {isa = PBXFileReference; lastKnownFileType = text.plist.xml; path = "gitCreate-Info.plist"; sourceTree = "<group>"; };
		F92DED0F198B48BA000E78CF /* en */ = {isa = PBXFileReference; lastKnownFileType = text.plist.strings; name = en; path = en.lproj/InfoPlist.strings; sourceTree = "<group>"; };
		F92DED11198B48BA000E78CF /* main.m */ = {isa = PBXFileReference; lastKnownFileType = sourcecode.c.objc; path = main.m; sourceTree = "<group>"; };
		F92DED13198B48BA000E78CF /* gitCreate-Prefix.pch */ = {isa = PBXFileReference; lastKnownFileType = sourcecode.c.h; path = "gitCreate-Prefix.pch"; sourceTree = "<group>"; };
		F92DED14198B48BA000E78CF /* AIAppDelegate.h */ = {isa = PBXFileReference; lastKnownFileType = sourcecode.c.h; path = AIAppDelegate.h; sourceTree = "<group>"; };
		F92DED15198B48BA000E78CF /* AIAppDelegate.m */ = {isa = PBXFileReference; lastKnownFileType = sourcecode.c.objc; path = AIAppDelegate.m; sourceTree = "<group>"; };
		F92DED18198B48BA000E78CF /* Base */ = {isa = PBXFileReference; lastKnownFileType = file.storyboard; name = Base; path = Base.lproj/Main.storyboard; sourceTree = "<group>"; };
		F92DED1A198B48BA000E78CF /* AIViewController.h */ = {isa = PBXFileReference; lastKnownFileType = sourcecode.c.h; path = AIViewController.h; sourceTree = "<group>"; };
		F92DED1B198B48BA000E78CF /* AIViewController.m */ = {isa = PBXFileReference; lastKnownFileType = sourcecode.c.objc; path = AIViewController.m; sourceTree = "<group>"; };
		F92DED1D198B48BA000E78CF /* Images.xcassets */ = {isa = PBXFileReference; lastKnownFileType = folder.assetcatalog; path = Images.xcassets; sourceTree = "<group>"; };
		F92DED23198B48BA000E78CF /* gitCreateTests.xctest */ = {isa = PBXFileReference; explicitFileType = wrapper.cfbundle; includeInIndex = 0; path = gitCreateTests.xctest; sourceTree = BUILT_PRODUCTS_DIR; };
		F92DED24198B48BA000E78CF /* XCTest.framework */ = {isa = PBXFileReference; lastKnownFileType = wrapper.framework; name = XCTest.framework; path = Library/Frameworks/XCTest.framework; sourceTree = DEVELOPER_DIR; };
		F92DED2C198B48BA000E78CF /* gitCreateTests-Info.plist */ = {isa = PBXFileReference; lastKnownFileType = text.plist.xml; path = "gitCreateTests-Info.plist"; sourceTree = "<group>"; };
		F92DED2E198B48BA000E78CF /* en */ = {isa = PBXFileReference; lastKnownFileType = text.plist.strings; name = en; path = en.lproj/InfoPlist.strings; sourceTree = "<group>"; };
		F92DED30198B48BA000E78CF /* gitCreateTests.m */ = {isa = PBXFileReference; lastKnownFileType = sourcecode.c.objc; path = gitCreateTests.m; sourceTree = "<group>"; };
/* End PBXFileReference section */

/* Begin PBXFrameworksBuildPhase section */
		F92DECFF198B48BA000E78CF /* Frameworks */ = {
			isa = PBXFrameworksBuildPhase;
			buildActionMask = 2147483647;
			files = (
				F92DED08198B48BA000E78CF /* CoreGraphics.framework in Frameworks */,
				F92DED0A198B48BA000E78CF /* UIKit.framework in Frameworks */,
				F92DED06198B48BA000E78CF /* Foundation.framework in Frameworks */,
			);
			runOnlyForDeploymentPostprocessing = 0;
		};
		F92DED20198B48BA000E78CF /* Frameworks */ = {
			isa = PBXFrameworksBuildPhase;
			buildActionMask = 2147483647;
			files = (
				F92DED25198B48BA000E78CF /* XCTest.framework in Frameworks */,
				F92DED27198B48BA000E78CF /* UIKit.framework in Frameworks */,
				F92DED26198B48BA000E78CF /* Foundation.framework in Frameworks */,
			);
			runOnlyForDeploymentPostprocessing = 0;
		};
/* End PBXFrameworksBuildPhase section */

/* Begin PBXGroup section */
		F92DECF9198B48B9000E78CF = {
			isa = PBXGroup;
			children = (
				F92DED0B198B48BA000E78CF /* gitCreate */,
				F92DED2A198B48BA000E78CF /* gitCreateTests */,
				F92DED04198B48BA000E78CF /* Frameworks */,
				F92DED03198B48BA000E78CF /* Products */,
			);
			sourceTree = "<group>";
		};
		F92DED03198B48BA000E78CF /* Products */ = {
			isa = PBXGroup;
			children = (
				F92DED02198B48BA000E78CF /* gitCreate.app */,
				F92DED23198B48BA000E78CF /* gitCreateTests.xctest */,
			);
			name = Products;
			sourceTree = "<group>";
		};
		F92DED04198B48BA000E78CF /* Frameworks */ = {
			isa = PBXGroup;
			children = (
				F92DED05198B48BA000E78CF /* Foundation.framework */,
				F92DED07198B48BA000E78CF /* CoreGraphics.framework */,
				F92DED09198B48BA000E78CF /* UIKit.framework */,
				F92DED24198B48BA000E78CF /* XCTest.framework */,
			);
			name = Frameworks;
			sourceTree = "<group>";
		};
		F92DED0B198B48BA000E78CF /* gitCreate */ = {
			isa = PBXGroup;
			children = (
				F92DED14198B48BA000E78CF /* AIAppDelegate.h */,
				F92DED15198B48BA000E78CF /* AIAppDelegate.m */,
				F92DED17198B48BA000E78CF /* Main.storyboard */,
				F92DED1A198B48BA000E78CF /* AIViewController.h */,
				F92DED1B198B48BA000E78CF /* AIViewController.m */,
				F92DED1D198B48BA000E78CF /* Images.xcassets */,
				F92DED0C198B48BA000E78CF /* Supporting Files */,
			);
			path = gitCreate;
			sourceTree = "<group>";
		};
		F92DED0C198B48BA000E78CF /* Supporting Files */ = {
			isa = PBXGroup;
			children = (
				F92DED0D198B48BA000E78CF /* gitCreate-Info.plist */,
				F92DED0E198B48BA000E78CF /* InfoPlist.strings */,
				F92DED11198B48BA000E78CF /* main.m */,
				F92DED13198B48BA000E78CF /* gitCreate-Prefix.pch */,
			);
			name = "Supporting Files";
			sourceTree = "<group>";
		};
		F92DED2A198B48BA000E78CF /* gitCreateTests */ = {
			isa = PBXGroup;
			children = (
				F92DED30198B48BA000E78CF /* gitCreateTests.m */,
				F92DED2B198B48BA000E78CF /* Supporting Files */,
			);
			path = gitCreateTests;
			sourceTree = "<group>";
		};
		F92DED2B198B48BA000E78CF /* Supporting Files */ = {
			isa = PBXGroup;
			children = (
				F92DED2C198B48BA000E78CF /* gitCreateTests-Info.plist */,
				F92DED2D198B48BA000E78CF /* InfoPlist.strings */,
			);
			name = "Supporting Files";
			sourceTree = "<group>";
		};
/* End PBXGroup section */

/* Begin PBXNativeTarget section */
		F92DED01198B48BA000E78CF /* gitCreate */ = {
			isa = PBXNativeTarget;
			buildConfigurationList = F92DED34198B48BA000E78CF /* Build configuration list for PBXNativeTarget "gitCreate" */;
			buildPhases = (
				F92DECFE198B48BA000E78CF /* Sources */,
				F92DECFF198B48BA000E78CF /* Frameworks */,
				F92DED00198B48BA000E78CF /* Resources */,
			);
			buildRules = (
			);
			dependencies = (
			);
			name = gitCreate;
			productName = gitCreate;
			productReference = F92DED02198B48BA000E78CF /* gitCreate.app */;
			productType = "com.apple.product-type.application";
		};
		F92DED22198B48BA000E78CF /* gitCreateTests */ = {
			isa = PBXNativeTarget;
			buildConfigurationList = F92DED37198B48BA000E78CF /* Build configuration list for PBXNativeTarget "gitCreateTests" */;
			buildPhases = (
				F92DED1F198B48BA000E78CF /* Sources */,
				F92DED20198B48BA000E78CF /* Frameworks */,
				F92DED21198B48BA000E78CF /* Resources */,
			);
			buildRules = (
			);
			dependencies = (
				F92DED29198B48BA000E78CF /* PBXTargetDependency */,
			);
			name = gitCreateTests;
			productName = gitCreateTests;
			productReference = F92DED23198B48BA000E78CF /* gitCreateTests.xctest */;
			productType = "com.apple.product-type.bundle.unit-test";
		};
/* End PBXNativeTarget section */

/* Begin PBXProject section */
		F92DECFA198B48B9000E78CF /* Project object */ = {
			isa = PBXProject;
			attributes = {
				CLASSPREFIX = AI;
				LastUpgradeCheck = 0510;
				ORGANIZATIONNAME = "川上剛";
				TargetAttributes = {
					F92DED22198B48BA000E78CF = {
						TestTargetID = F92DED01198B48BA000E78CF;
					};
				};
			};
			buildConfigurationList = F92DECFD198B48B9000E78CF /* Build configuration list for PBXProject "gitCreate" */;
			compatibilityVersion = "Xcode 3.2";
			developmentRegion = English;
			hasScannedForEncodings = 0;
			knownRegions = (
				en,
				Base,
			);
			mainGroup = F92DECF9198B48B9000E78CF;
			productRefGroup = F92DED03198B48BA000E78CF /* Products */;
			projectDirPath = "";
			projectRoot = "";
			targets = (
				F92DED01198B48BA000E78CF /* gitCreate */,
				F92DED22198B48BA000E78CF /* gitCreateTests */,
			);
		};
/* End PBXProject section */

/* Begin PBXResourcesBuildPhase section */
		F92DED00198B48BA000E78CF /* Resources */ = {
			isa = PBXResourcesBuildPhase;
			buildActionMask = 2147483647;
			files = (
				F92DED1E198B48BA000E78CF /* Images.xcassets in Resources */,
				F92DED10198B48BA000E78CF /* InfoPlist.strings in Resources */,
				F92DED19198B48BA000E78CF /* Main.storyboard in Resources */,
			);
			runOnlyForDeploymentPostprocessing = 0;
		};
		F92DED21198B48BA000E78CF /* Resources */ = {
			isa = PBXResourcesBuildPhase;
			buildActionMask = 2147483647;
			files = (
				F92DED2F198B48BA000E78CF /* InfoPlist.strings in Resources */,
			);
			runOnlyForDeploymentPostprocessing = 0;
		};
/* End PBXResourcesBuildPhase section */

/* Begin PBXSourcesBuildPhase section */
		F92DECFE198B48BA000E78CF /* Sources */ = {
			isa = PBXSourcesBuildPhase;
			buildActionMask = 2147483647;
			files = (
				F92DED16198B48BA000E78CF /* AIAppDelegate.m in Sources */,
				F92DED1C198B48BA000E78CF /* AIViewController.m in Sources */,
				F92DED12198B48BA000E78CF /* main.m in Sources */,
			);
			runOnlyForDeploymentPostprocessing = 0;
		};
		F92DED1F198B48BA000E78CF /* Sources */ = {
			isa = PBXSourcesBuildPhase;
			buildActionMask = 2147483647;
			files = (
				F92DED31198B48BA000E78CF /* gitCreateTests.m in Sources */,
			);
			runOnlyForDeploymentPostprocessing = 0;
		};
/* End PBXSourcesBuildPhase section */

/* Begin PBXTargetDependency section */
		F92DED29198B48BA000E78CF /* PBXTargetDependency */ = {
			isa = PBXTargetDependency;
			target = F92DED01198B48BA000E78CF /* gitCreate */;
			targetProxy = F92DED28198B48BA000E78CF /* PBXContainerItemProxy */;
		};
/* End PBXTargetDependency section */

/* Begin PBXVariantGroup section */
		F92DED0E198B48BA000E78CF /* InfoPlist.strings */ = {
			isa = PBXVariantGroup;
			children = (
				F92DED0F198B48BA000E78CF /* en */,
			);
			name = InfoPlist.strings;
			sourceTree = "<group>";
		};
		F92DED17198B48BA000E78CF /* Main.storyboard */ = {
			isa = PBXVariantGroup;
			children = (
				F92DED18198B48BA000E78CF /* Base */,
			);
			name = Main.storyboard;
			sourceTree = "<group>";
		};
		F92DED2D198B48BA000E78CF /* InfoPlist.strings */ = {
			isa = PBXVariantGroup;
			children = (
				F92DED2E198B48BA000E78CF /* en */,
			);
			name = InfoPlist.strings;
			sourceTree = "<group>";
		};
/* End PBXVariantGroup section */

/* Begin XCBuildConfiguration section */
		F92DED32198B48BA000E78CF /* Debug */ = {
			isa = XCBuildConfiguration;
			buildSettings = {
				ALWAYS_SEARCH_USER_PATHS = NO;
				CLANG_CXX_LANGUAGE_STANDARD = "gnu++0x";
				CLANG_CXX_LIBRARY = "libc++";
				CLANG_ENABLE_MODULES = YES;
				CLANG_ENABLE_OBJC_ARC = YES;
				CLANG_WARN_BOOL_CONVERSION = YES;
				CLANG_WARN_CONSTANT_CONVERSION = YES;
				CLANG_WARN_DIRECT_OBJC_ISA_USAGE = YES_ERROR;
				CLANG_WARN_EMPTY_BODY = YES;
				CLANG_WARN_ENUM_CONVERSION = YES;
				CLANG_WARN_INT_CONVERSION = YES;
				CLANG_WARN_OBJC_ROOT_CLASS = YES_ERROR;
				CLANG_WARN__DUPLICATE_METHOD_MATCH = YES;
				"CODE_SIGN_IDENTITY[sdk=iphoneos*]" = "iPhone Developer";
				COPY_PHASE_STRIP = NO;
				GCC_C_LANGUAGE_STANDARD = gnu99;
				GCC_DYNAMIC_NO_PIC = NO;
				GCC_OPTIMIZATION_LEVEL = 0;
				GCC_PREPROCESSOR_DEFINITIONS = (
					"DEBUG=1",
					"$(inherited)",
				);
				GCC_SYMBOLS_PRIVATE_EXTERN = NO;
				GCC_WARN_64_TO_32_BIT_CONVERSION = YES;
				GCC_WARN_ABOUT_RETURN_TYPE = YES_ERROR;
				GCC_WARN_UNDECLARED_SELECTOR = YES;
				GCC_WARN_UNINITIALIZED_AUTOS = YES_AGGRESSIVE;
				GCC_WARN_UNUSED_FUNCTION = YES;
				GCC_WARN_UNUSED_VARIABLE = YES;
				IPHONEOS_DEPLOYMENT_TARGET = 7.1;
				ONLY_ACTIVE_ARCH = YES;
				SDKROOT = iphoneos;
			};
			name = Debug;
		};
		F92DED33198B48BA000E78CF /* Release */ = {
			isa = XCBuildConfiguration;
			buildSettings = {
				ALWAYS_SEARCH_USER_PATHS = NO;
				CLANG_CXX_LANGUAGE_STANDARD = "gnu++0x";
				CLANG_CXX_LIBRARY = "libc++";
				CLANG_ENABLE_MODULES = YES;
				CLANG_ENABLE_OBJC_ARC = YES;
				CLANG_WARN_BOOL_CONVERSION = YES;
				CLANG_WARN_CONSTANT_CONVERSION = YES;
				CLANG_WARN_DIRECT_OBJC_ISA_USAGE = YES_ERROR;
				CLANG_WARN_EMPTY_BODY = YES;
				CLANG_WARN_ENUM_CONVERSION = YES;
				CLANG_WARN_INT_CONVERSION = YES;
				CLANG_WARN_OBJC_ROOT_CLASS = YES_ERROR;
				CLANG_WARN__DUPLICATE_METHOD_MATCH = YES;
				"CODE_SIGN_IDENTITY[sdk=iphoneos*]" = "iPhone Developer";
				COPY_PHASE_STRIP = YES;
				ENABLE_NS_ASSERTIONS = NO;
				GCC_C_LANGUAGE_STANDARD = gnu99;
				GCC_WARN_64_TO_32_BIT_CONVERSION = YES;
				GCC_WARN_ABOUT_RETURN_TYPE = YES_ERROR;
				GCC_WARN_UNDECLARED_SELECTOR = YES;
				GCC_WARN_UNINITIALIZED_AUTOS = YES_AGGRESSIVE;
				GCC_WARN_UNUSED_FUNCTION = YES;
				GCC_WARN_UNUSED_VARIABLE = YES;
				IPHONEOS_DEPLOYMENT_TARGET = 7.1;
				SDKROOT = iphoneos;
				VALIDATE_PRODUCT = YES;
			};
			name = Release;
		};
		F92DED35198B48BA000E78CF /* Debug */ = {
			isa = XCBuildConfiguration;
			buildSettings = {
				ASSETCATALOG_COMPILER_APPICON_NAME = AppIcon;
				ASSETCATALOG_COMPILER_LAUNCHIMAGE_NAME = LaunchImage;
				GCC_PRECOMPILE_PREFIX_HEADER = YES;
				GCC_PREFIX_HEADER = "gitCreate/gitCreate-Prefix.pch";
				INFOPLIST_FILE = "gitCreate/gitCreate-Info.plist";
				PRODUCT_NAME = "$(TARGET_NAME)";
				WRAPPER_EXTENSION = app;
			};
			name = Debug;
		};
		F92DED36198B48BA000E78CF /* Release */ = {
			isa = XCBuildConfiguration;
			buildSettings = {
				ASSETCATALOG_COMPILER_APPICON_NAME = AppIcon;
				ASSETCATALOG_COMPILER_LAUNCHIMAGE_NAME = LaunchImage;
				GCC_PRECOMPILE_PREFIX_HEADER = YES;
				GCC_PREFIX_HEADER = "gitCreate/gitCreate-Prefix.pch";
				INFOPLIST_FILE = "gitCreate/gitCreate-Info.plist";
				PRODUCT_NAME = "$(TARGET_NAME)";
				WRAPPER_EXTENSION = app;
			};
			name = Release;
		};
		F92DED38198B48BA000E78CF /* Debug */ = {
			isa = XCBuildConfiguration;
			buildSettings = {
				BUNDLE_LOADER = "$(BUILT_PRODUCTS_DIR)/gitCreate.app/gitCreate";
				FRAMEWORK_SEARCH_PATHS = (
					"$(SDKROOT)/Developer/Library/Frameworks",
					"$(inherited)",
					"$(DEVELOPER_FRAMEWORKS_DIR)",
				);
				GCC_PRECOMPILE_PREFIX_HEADER = YES;
				GCC_PREFIX_HEADER = "gitCreate/gitCreate-Prefix.pch";
				GCC_PREPROCESSOR_DEFINITIONS = (
					"DEBUG=1",
					"$(inherited)",
				);
				INFOPLIST_FILE = "gitCreateTests/gitCreateTests-Info.plist";
				PRODUCT_NAME = "$(TARGET_NAME)";
				TEST_HOST = "$(BUNDLE_LOADER)";
				WRAPPER_EXTENSION = xctest;
			};
			name = Debug;
		};
		F92DED39198B48BA000E78CF /* Release */ = {
			isa = XCBuildConfiguration;
			buildSettings = {
				BUNDLE_LOADER = "$(BUILT_PRODUCTS_DIR)/gitCreate.app/gitCreate";
				FRAMEWORK_SEARCH_PATHS = (
					"$(SDKROOT)/Developer/Library/Frameworks",
					"$(inherited)",
					"$(DEVELOPER_FRAMEWORKS_DIR)",
				);
				GCC_PRECOMPILE_PREFIX_HEADER = YES;
				GCC_PREFIX_HEADER = "gitCreate/gitCreate-Prefix.pch";
				INFOPLIST_FILE = "gitCreateTests/gitCreateTests-Info.plist";
				PRODUCT_NAME = "$(TARGET_NAME)";
				TEST_HOST = "$(BUNDLE_LOADER)";
				WRAPPER_EXTENSION = xctest;
			};
			name = Release;
		};
/* End XCBuildConfiguration section */

/* Begin XCConfigurationList section */
		F92DECFD198B48B9000E78CF /* Build configuration list for PBXProject "gitCreate" */ = {
			isa = XCConfigurationList;
			buildConfigurations = (
				F92DED32198B48BA000E78CF /* Debug */,
				F92DED33198B48BA000E78CF /* Release */,
			);
			defaultConfigurationIsVisible = 0;
			defaultConfigurationName = Release;
		};
		F92DED34198B48BA000E78CF /* Build configuration list for PBXNativeTarget "gitCreate" */ = {
			isa = XCConfigurationList;
			buildConfigurations = (
				F92DED35198B48BA000E78CF /* Debug */,
				F92DED36198B48BA000E78CF /* Release */,
			);
			defaultConfigurationIsVisible = 0;
		};
		F92DED37198B48BA000E78CF /* Build configuration list for PBXNativeTarget "gitCreateTests" */ = {
			isa = XCConfigurationList;
			buildConfigurations = (
				F92DED38198B48BA000E78CF /* Debug */,
				F92DED39198B48BA000E78CF /* Release */,
			);
			defaultConfigurationIsVisible = 0;
		};
/* End XCConfigurationList section */
	};
	rootObject = F92DECFA198B48B9000E78CF /* Project object */;
}
